
Microsoft Visual Studio Solution File, Format Version 12.00
# Visual Studio Version 17
VisualStudioVersion = 17.3.32929.385
MinimumVisualStudioVersion = 10.0.40219.1
Project("{9A19103F-16F7-4668-BE54-9A1E7A4F7556}") = "ECommerce.Api.Products", "ECommerce.Api.Products\ECommerce.Api.Products.csproj", "{71D4E4AE-B6EE-4CA1-B164-483E87EDE13C}"
EndProject
Project("{9A19103F-16F7-4668-BE54-9A1E7A4F7556}") = "ECommerce.Api.Customers", "ECommerce.Api.Customers\ECommerce.Api.Customers.csproj", "{7C4F09DC-A571-4BB0-80A0-70DE9AFA1C64}"
EndProject
Project("{9A19103F-16F7-4668-BE54-9A1E7A4F7556}") = "ECommerce.Api.Orders", "ECommerce.Api.Orders\ECommerce.Api.Orders.csproj", "{8A4A68E5-283A-4D40-A974-66B69FC8DF48}"
EndProject
Project("{9A19103F-16F7-4668-BE54-9A1E7A4F7556}") = "ECommerce.Search", "ECommerce.Search\ECommerce.Search.csproj", "{7142AA99-5A44-4D90-B187-D8CB61E14512}"
EndProject
Project("{9A19103F-16F7-4668-BE54-9A1E7A4F7556}") = "ECommerce.Api.Products.Tests", "ECommerce.Api.Products.Tests\ECommerce.Api.Products.Tests.csproj", "{FE26BC58-841A-4C84-86DD-46C71B649BCD}"
EndProject
Project("{E53339B2-1760-4266-BCC7-CA923CBCF16C}") = "docker-compose", "docker-compose.dcproj", "{E1FEF05E-7693-4F14-9FA7-CC145AD359DE}"
EndProject
Global
	GlobalSection(SolutionConfigurationPlatforms) = preSolution
		Debug|Any CPU = Debug|Any CPU
		Release|Any CPU = Release|Any CPU
	EndGlobalSection
	GlobalSection(ProjectConfigurationPlatforms) = postSolution
		{71D4E4AE-B6EE-4CA1-B164-483E87EDE13C}.Debug|Any CPU.ActiveCfg = Debug|Any CPU
		{71D4E4AE-B6EE-4CA1-B164-483E87EDE13C}.Debug|Any CPU.Build.0 = Debug|Any CPU
		{71D4E4AE-B6EE-4CA1-B164-483E87EDE13C}.Release|Any CPU.ActiveCfg = Release|Any CPU
		{71D4E4AE-B6EE-4CA1-B164-483E87EDE13C}.Release|Any CPU.Build.0 = Release|Any CPU
		{7C4F09DC-A571-4BB0-80A0-70DE9AFA1C64}.Debug|Any CPU.ActiveCfg = Debug|Any CPU
		{7C4F09DC-A571-4BB0-80A0-70DE9AFA1C64}.Debug|Any CPU.Build.0 = Debug|Any CPU
		{7C4F09DC-A571-4BB0-80A0-70DE9AFA1C64}.Release|Any CPU.ActiveCfg = Release|Any CPU
		{7C4F09DC-A571-4BB0-80A0-70DE9AFA1C64}.Release|Any CPU.Build.0 = Release|Any CPU
		{8A4A68E5-283A-4D40-A974-66B69FC8DF48}.Debug|Any CPU.ActiveCfg = Debug|Any CPU
		{8A4A68E5-283A-4D40-A974-66B69FC8DF48}.Debug|Any CPU.Build.0 = Debug|Any CPU
		{8A4A68E5-283A-4D40-A974-66B69FC8DF48}.Release|Any CPU.ActiveCfg = Release|Any CPU
		{8A4A68E5-283A-4D40-A974-66B69FC8DF48}.Release|Any CPU.Build.0 = Release|Any CPU
		{7142AA99-5A44-4D90-B187-D8CB61E14512}.Debug|Any CPU.ActiveCfg = Debug|Any CPU
		{7142AA99-5A44-4D90-B187-D8CB61E14512}.Debug|Any CPU.Build.0 = Debug|Any CPU
		{7142AA99-5A44-4D90-B187-D8CB61E14512}.Release|Any CPU.ActiveCfg = Release|Any CPU
		{7142AA99-5A44-4D90-B187-D8CB61E14512}.Release|Any CPU.Build.0 = Release|Any CPU
		{FE26BC58-841A-4C84-86DD-46C71B649BCD}.Debug|Any CPU.ActiveCfg = Debug|Any CPU
		{FE26BC58-841A-4C84-86DD-46C71B649BCD}.Debug|Any CPU.Build.0 = Debug|Any CPU
		{FE26BC58-841A-4C84-86DD-46C71B649BCD}.Release|Any CPU.ActiveCfg = Release|Any CPU
		{FE26BC58-841A-4C84-86DD-46C71B649BCD}.Release|Any CPU.Build.0 = Release|Any CPU
		{E1FEF05E-7693-4F14-9FA7-CC145AD359DE}.Debug|Any CPU.ActiveCfg = Debug|Any CPU
		{E1FEF05E-7693-4F14-9FA7-CC145AD359DE}.Debug|Any CPU.Build.0 = Debug|Any CPU
		{E1FEF05E-7693-4F14-9FA7-CC145AD359DE}.Release|Any CPU.ActiveCfg = Release|Any CPU
		{E1FEF05E-7693-4F14-9FA7-CC145AD359DE}.Release|Any CPU.Build.0 = Release|Any CPU
	EndGlobalSection
	GlobalSection(SolutionProperties) = preSolution
		HideSolutionNode = FALSE
	EndGlobalSection
	GlobalSection(ExtensibilityGlobals) = postSolution
		SolutionGuid = {CC133F24-E414-491F-8B54-0DC0021401D8}
	EndGlobalSection
EndGlobal
